
Microsoft Visual Studio Solution File, Format Version 12.00
Project("{2150E333-8FDC-42A3-9474-1A3956D46DE8}") = "_compose", "_compose", "{7DBE0A89-0C47-4FED-A4EA-EB057B73C67E}"
	ProjectSection(SolutionItems) = preProject
		docker-compose.yml = docker-compose.yml
	EndProjectSection
EndProject
Project("{FAE04EC0-301F-11D3-BF4B-00C04F79EFBC}") = "KafkaReader.Worker", "KafkaReader.Worker\KafkaReader.Worker.csproj", "{AFC18510-3E4A-4BB7-AFCB-5964A6E5D515}"
EndProject
Project("{FAE04EC0-301F-11D3-BF4B-00C04F79EFBC}") = "Common", "Common\Common.csproj", "{5515F16A-7584-476D-9E46-C03B661F9239}"
EndProject
Project("{FAE04EC0-301F-11D3-BF4B-00C04F79EFBC}") = "KafkaWriter.Api", "KafkaWriter.Api\KafkaWriter.Api.csproj", "{39B38F13-A7F9-4191-87E8-B0F28FD161E1}"
EndProject
Project("{FAE04EC0-301F-11D3-BF4B-00C04F79EFBC}") = "ApiCaller.Worker", "ApiCaller.Worker\ApiCaller.Worker.csproj", "{81E0A911-FE1C-4BD3-9995-56BAE1ACF4F5}"
EndProject
Global
	GlobalSection(SolutionConfigurationPlatforms) = preSolution
		Debug|Any CPU = Debug|Any CPU
		Release|Any CPU = Release|Any CPU
	EndGlobalSection
	GlobalSection(ProjectConfigurationPlatforms) = postSolution
		{AFC18510-3E4A-4BB7-AFCB-5964A6E5D515}.Debug|Any CPU.ActiveCfg = Debug|Any CPU
		{AFC18510-3E4A-4BB7-AFCB-5964A6E5D515}.Debug|Any CPU.Build.0 = Debug|Any CPU
		{AFC18510-3E4A-4BB7-AFCB-5964A6E5D515}.Release|Any CPU.ActiveCfg = Release|Any CPU
		{AFC18510-3E4A-4BB7-AFCB-5964A6E5D515}.Release|Any CPU.Build.0 = Release|Any CPU
		{5515F16A-7584-476D-9E46-C03B661F9239}.Debug|Any CPU.ActiveCfg = Debug|Any CPU
		{5515F16A-7584-476D-9E46-C03B661F9239}.Debug|Any CPU.Build.0 = Debug|Any CPU
		{5515F16A-7584-476D-9E46-C03B661F9239}.Release|Any CPU.ActiveCfg = Release|Any CPU
		{5515F16A-7584-476D-9E46-C03B661F9239}.Release|Any CPU.Build.0 = Release|Any CPU
		{39B38F13-A7F9-4191-87E8-B0F28FD161E1}.Debug|Any CPU.ActiveCfg = Debug|Any CPU
		{39B38F13-A7F9-4191-87E8-B0F28FD161E1}.Debug|Any CPU.Build.0 = Debug|Any CPU
		{39B38F13-A7F9-4191-87E8-B0F28FD161E1}.Release|Any CPU.ActiveCfg = Release|Any CPU
		{39B38F13-A7F9-4191-87E8-B0F28FD161E1}.Release|Any CPU.Build.0 = Release|Any CPU
		{81E0A911-FE1C-4BD3-9995-56BAE1ACF4F5}.Debug|Any CPU.ActiveCfg = Debug|Any CPU
		{81E0A911-FE1C-4BD3-9995-56BAE1ACF4F5}.Debug|Any CPU.Build.0 = Debug|Any CPU
		{81E0A911-FE1C-4BD3-9995-56BAE1ACF4F5}.Release|Any CPU.ActiveCfg = Release|Any CPU
		{81E0A911-FE1C-4BD3-9995-56BAE1ACF4F5}.Release|Any CPU.Build.0 = Release|Any CPU
	EndGlobalSection
EndGlobal
